# THIS IS AN AUTOGENERATED FILE. DO NOT EDIT THIS FILE DIRECTLY.
# yarn lockfile v1


"@wetrial/blogs@2.0.2":
  version "2.0.2"
  resolved "http://npm.xxgtalk.cn/@wetrial%2fblogs/-/blogs-2.0.2.tgz#376b751a2122f34eb0b17644428f0370e277259b"
  integrity sha512-veGauZDqOSYxxOq2glB+VcHsUAhoB9d8JLpTn2bFOpPbyiStXcnU4Ogzm1yksVo/56DCyzCjm1dUaaWjLqrTDg==

"@wetrial/template@1.0.2":
  version "1.0.2"
  resolved "http://npm.xxgtalk.cn/@wetrial%2ftemplate/-/template-1.0.2.tgz#39ad76822a9e663150991512a86f9089fe435e6f"
  integrity sha512-1/rQLGwlg2JrIxpZiarxiOrLvUhd9TVd52Sn72vcB+xX/eyF9J9vR2kH51l/nHiLLxKHlNvpy5w8mlA5J1vZHg==
