# THIS IS AN AUTOGENERATED FILE. DO NOT EDIT THIS FILE DIRECTLY.
# yarn lockfile v1


"@wetrial/blogs@1.0.1":
  version "1.0.1"
  resolved "http://npm.xxgtalk.cn/@wetrial%2fblogs/-/blogs-1.0.1.tgz#1cec3f8b72ce5b7b4383e76cd26f545b29482323"
  integrity sha512-qbsQ5gDwHG0TJbnEivFpHVISJJfsMuB8lxF+W11eQr8Vdnbuj6bhZ574UHiXzyc8hauEEg0+uOlyNXjF6pr6/A==

"@wetrial/template@1.0.2":
  version "1.0.2"
  resolved "http://npm.xxgtalk.cn/@wetrial%2ftemplate/-/template-1.0.2.tgz#39ad76822a9e663150991512a86f9089fe435e6f"
  integrity sha512-1/rQLGwlg2JrIxpZiarxiOrLvUhd9TVd52Sn72vcB+xX/eyF9J9vR2kH51l/nHiLLxKHlNvpy5w8mlA5J1vZHg==
